// !$*UTF8*$!
{
	archiveVersion = 1;
	classes = {
	};
	objectVersion = 77;
	objects = {

/* Begin PBXBuildFile section */
		1EDF0F122F3540560081A315 /* SomniWatch Watch App.app in Embed Watch Content */ = {isa = PBXBuildFile; fileRef = 1EDF0F112F3540560081A315 /* SomniWatch Watch App.app */; settings = {ATTRIBUTES = (RemoveHeadersOnCopy, ); }; };
		1EDF0F6E2F3542EF0081A315 /* TrackerView.swift in Sources */ = {isa = PBXBuildFile; fileRef = 1EDF0F6C2F3542EF0081A315 /* TrackerView.swift */; };
		1EDF0F6F2F3542EF0081A315 /* SleepSessionProviderProtocol.swift in Sources */ = {isa = PBXBuildFile; fileRef = 1EDF0F692F3542EF0081A315 /* SleepSessionProviderProtocol.swift */; };
		1EDF0F702F3542EF0081A315 /* TimerRingView.swift in Sources */ = {isa = PBXBuildFile; fileRef = 1EDF0F612F3542EF0081A315 /* TimerRingView.swift */; };
		1EDF0F712F3542EF0081A315 /* ContentView.swift in Sources */ = {isa = PBXBuildFile; fileRef = 1EDF0F632F3542EF0081A315 /* ContentView.swift */; };
		1EDF0F722F3542EF0081A315 /* BreathingSphereView.swift in Sources */ = {isa = PBXBuildFile; fileRef = 1EDF0F5F2F3542EF0081A315 /* BreathingSphereView.swift */; };
		1EDF0F732F3542EF0081A315 /* HapticFeedback.swift in Sources */ = {isa = PBXBuildFile; fileRef = 1EDF0F642F3542EF0081A315 /* HapticFeedback.swift */; };
		1EDF0F742F3542EF0081A315 /* SomniWatchApp.swift in Sources */ = {isa = PBXBuildFile; fileRef = 1EDF0F6B2F3542EF0081A315 /* SomniWatchApp.swift */; };
		1EDF0F752F3542EF0081A315 /* MockSleepSessionProvider.swift in Sources */ = {isa = PBXBuildFile; fileRef = 1EDF0F682F3542EF0081A315 /* MockSleepSessionProvider.swift */; };
		1EDF0F762F3542EF0081A315 /* HeartRateMonitorProtocol.swift in Sources */ = {isa = PBXBuildFile; fileRef = 1EDF0F662F3542EF0081A315 /* HeartRateMonitorProtocol.swift */; };
		1EDF0F772F3542EF0081A315 /* LockIndicatorView.swift in Sources */ = {isa = PBXBuildFile; fileRef = 1EDF0F602F3542EF0081A315 /* LockIndicatorView.swift */; };
		1EDF0F782F3542EF0081A315 /* MockHeartRateMonitor.swift in Sources */ = {isa = PBXBuildFile; fileRef = 1EDF0F672F3542EF0081A315 /* MockHeartRateMonitor.swift */; };
		1EDF0F902F35A8C60081A315 /* LiquidGlass.metal in Sources */ = {isa = PBXBuildFile; fileRef = 1EDF0F8F2F35A8C60081A315 /* LiquidGlass.metal */; };
		1EDF0F922F35A8C70081A315 /* SleepStateView.swift in Sources */ = {isa = PBXBuildFile; fileRef = 1EDF0F912F35A8C70081A315 /* SleepStateView.swift */; };
/* End PBXBuildFile section */

/* Begin PBXContainerItemProxy section */
		1EDF0EFC2F3540560081A315 /* PBXContainerItemProxy */ = {
			isa = PBXContainerItemProxy;
			containerPortal = 1EDF0EE62F3540540081A315 /* Project object */;
			proxyType = 1;
			remoteGlobalIDString = 1EDF0EED2F3540540081A315;
			remoteInfo = SomniWatch;
		};
		1EDF0F062F3540560081A315 /* PBXContainerItemProxy */ = {
			isa = PBXContainerItemProxy;
			containerPortal = 1EDF0EE62F3540540081A315 /* Project object */;
			proxyType = 1;
			remoteGlobalIDString = 1EDF0EED2F3540540081A315;
			remoteInfo = SomniWatch;
		};
		1EDF0F132F3540560081A315 /* PBXContainerItemProxy */ = {
			isa = PBXContainerItemProxy;
			containerPortal = 1EDF0EE62F3540540081A315 /* Project object */;
			proxyType = 1;
			remoteGlobalIDString = 1EDF0F102F3540560081A315;
			remoteInfo = "SomniWatch Watch App";
		};
		1EDF0F212F3540570081A315 /* PBXContainerItemProxy */ = {
			isa = PBXContainerItemProxy;
			containerPortal = 1EDF0EE62F3540540081A315 /* Project object */;
			proxyType = 1;
			remoteGlobalIDString = 1EDF0F102F3540560081A315;
			remoteInfo = "SomniWatch Watch App";
		};
		1EDF0F2B2F3540570081A315 /* PBXContainerItemProxy */ = {
			isa = PBXContainerItemProxy;
			containerPortal = 1EDF0EE62F3540540081A315 /* Project object */;
			proxyType = 1;
			remoteGlobalIDString = 1EDF0F102F3540560081A315;
			remoteInfo = "SomniWatch Watch App";
		};
/* End PBXContainerItemProxy section */

/* Begin PBXCopyFilesBuildPhase section */
		1EDF0F372F3540570081A315 /* Embed Watch Content */ = {
			isa = PBXCopyFilesBuildPhase;
			buildActionMask = 2147483647;
			dstPath = "$(CONTENTS_FOLDER_PATH)/Watch";
			dstSubfolderSpec = 16;
			files = (
				1EDF0F122F3540560081A315 /* SomniWatch Watch App.app in Embed Watch Content */,
			);
			name = "Embed Watch Content";
			runOnlyForDeploymentPostprocessing = 0;
		};
/* End PBXCopyFilesBuildPhase section */

/* Begin PBXFileReference section */
		1EDF0EEE2F3540540081A315 /* SomniWatch.app */ = {isa = PBXFileReference; explicitFileType = wrapper.application; includeInIndex = 0; path = SomniWatch.app; sourceTree = BUILT_PRODUCTS_DIR; };
		1EDF0EFB2F3540560081A315 /* SomniWatchTests.xctest */ = {isa = PBXFileReference; explicitFileType = wrapper.cfbundle; includeInIndex = 0; path = SomniWatchTests.xctest; sourceTree = BUILT_PRODUCTS_DIR; };
		1EDF0F052F3540560081A315 /* SomniWatchUITests.xctest */ = {isa = PBXFileReference; explicitFileType = wrapper.cfbundle; includeInIndex = 0; path = SomniWatchUITests.xctest; sourceTree = BUILT_PRODUCTS_DIR; };
		1EDF0F112F3540560081A315 /* SomniWatch Watch App.app */ = {isa = PBXFileReference; explicitFileType = wrapper.application; includeInIndex = 0; path = "SomniWatch Watch App.app"; sourceTree = BUILT_PRODUCTS_DIR; };
		1EDF0F202F3540570081A315 /* SomniWatch Watch AppTests.xctest */ = {isa = PBXFileReference; explicitFileType = wrapper.cfbundle; includeInIndex = 0; path = "SomniWatch Watch AppTests.xctest"; sourceTree = BUILT_PRODUCTS_DIR; };
		1EDF0F2A2F3540570081A315 /* SomniWatch Watch AppUITests.xctest */ = {isa = PBXFileReference; explicitFileType = wrapper.cfbundle; includeInIndex = 0; path = "SomniWatch Watch AppUITests.xctest"; sourceTree = BUILT_PRODUCTS_DIR; };
		1EDF0F5F2F3542EF0081A315 /* BreathingSphereView.swift */ = {isa = PBXFileReference; lastKnownFileType = sourcecode.swift; path = BreathingSphereView.swift; sourceTree = "<group>"; };
		1EDF0F602F3542EF0081A315 /* LockIndicatorView.swift */ = {isa = PBXFileReference; lastKnownFileType = sourcecode.swift; path = LockIndicatorView.swift; sourceTree = "<group>"; };
		1EDF0F612F3542EF0081A315 /* TimerRingView.swift */ = {isa = PBXFileReference; lastKnownFileType = sourcecode.swift; path = TimerRingView.swift; sourceTree = "<group>"; };
		1EDF0F632F3542EF0081A315 /* ContentView.swift */ = {isa = PBXFileReference; lastKnownFileType = sourcecode.swift; name = ContentView.swift; path = ../SomniWatch/ContentView.swift; sourceTree = SOURCE_ROOT; };
		1EDF0F642F3542EF0081A315 /* HapticFeedback.swift */ = {isa = PBXFileReference; lastKnownFileType = sourcecode.swift; path = HapticFeedback.swift; sourceTree = "<group>"; };
		1EDF0F662F3542EF0081A315 /* HeartRateMonitorProtocol.swift */ = {isa = PBXFileReference; lastKnownFileType = sourcecode.swift; path = HeartRateMonitorProtocol.swift; sourceTree = "<group>"; };
		1EDF0F672F3542EF0081A315 /* MockHeartRateMonitor.swift */ = {isa = PBXFileReference; lastKnownFileType = sourcecode.swift; path = MockHeartRateMonitor.swift; sourceTree = "<group>"; };
		1EDF0F682F3542EF0081A315 /* MockSleepSessionProvider.swift */ = {isa = PBXFileReference; lastKnownFileType = sourcecode.swift; path = MockSleepSessionProvider.swift; sourceTree = "<group>"; };
		1EDF0F692F3542EF0081A315 /* SleepSessionProviderProtocol.swift */ = {isa = PBXFileReference; lastKnownFileType = sourcecode.swift; path = SleepSessionProviderProtocol.swift; sourceTree = "<group>"; };
		1EDF0F6B2F3542EF0081A315 /* SomniWatchApp.swift */ = {isa = PBXFileReference; lastKnownFileType = sourcecode.swift; name = SomniWatchApp.swift; path = ../SomniWatch/SomniWatchApp.swift; sourceTree = SOURCE_ROOT; };
		1EDF0F6C2F3542EF0081A315 /* TrackerView.swift */ = {isa = PBXFileReference; lastKnownFileType = sourcecode.swift; path = TrackerView.swift; sourceTree = "<group>"; };
		1EDF0F8F2F35A8C60081A315 /* LiquidGlass.metal */ = {isa = PBXFileReference; lastKnownFileType = sourcecode.metal; name = LiquidGlass.metal; path = ../SomniWatch/Shaders/LiquidGlass.metal; sourceTree = SOURCE_ROOT; };
		1EDF0F912F35A8C70081A315 /* SleepStateView.swift */ = {isa = PBXFileReference; lastKnownFileType = sourcecode.swift; path = SleepStateView.swift; sourceTree = "<group>"; };
/* End PBXFileReference section */

/* Begin PBXFileSystemSynchronizedRootGroup section */
		1EDF0EF02F3540540081A315 /* SomniWatch */ = {
			isa = PBXFileSystemSynchronizedRootGroup;
			path = SomniWatch;
			sourceTree = "<group>";
		};
		1EDF0EFE2F3540560081A315 /* SomniWatchTests */ = {
			isa = PBXFileSystemSynchronizedRootGroup;
			path = SomniWatchTests;
			sourceTree = "<group>";
		};
		1EDF0F082F3540560081A315 /* SomniWatchUITests */ = {
			isa = PBXFileSystemSynchronizedRootGroup;
			path = SomniWatchUITests;
			sourceTree = "<group>";
		};
		1EDF0F152F3540560081A315 /* SomniWatch Watch App */ = {
			isa = PBXFileSystemSynchronizedRootGroup;
			path = "SomniWatch Watch App";
			sourceTree = "<group>";
		};
		1EDF0F232F3540570081A315 /* SomniWatch Watch AppTests */ = {
			isa = PBXFileSystemSynchronizedRootGroup;
			path = "SomniWatch Watch AppTests";
			sourceTree = "<group>";
		};
		1EDF0F2D2F3540570081A315 /* SomniWatch Watch AppUITests */ = {
			isa = PBXFileSystemSynchronizedRootGroup;
			path = "SomniWatch Watch AppUITests";
			sourceTree = "<group>";
		};
/* End PBXFileSystemSynchronizedRootGroup section */

/* Begin PBXFrameworksBuildPhase section */
		1EDF0EEB2F3540540081A315 /* Frameworks */ = {
			isa = PBXFrameworksBuildPhase;
			buildActionMask = 2147483647;
			files = (
			);
			runOnlyForDeploymentPostprocessing = 0;
		};
		1EDF0EF82F3540560081A315 /* Frameworks */ = {
			isa = PBXFrameworksBuildPhase;
			buildActionMask = 2147483647;
			files = (
			);
			runOnlyForDeploymentPostprocessing = 0;
		};
		1EDF0F022F3540560081A315 /* Frameworks */ = {
			isa = PBXFrameworksBuildPhase;
			buildActionMask = 2147483647;
			files = (
			);
			runOnlyForDeploymentPostprocessing = 0;
		};
		1EDF0F0E2F3540560081A315 /* Frameworks */ = {
			isa = PBXFrameworksBuildPhase;
			buildActionMask = 2147483647;
			files = (
			);
			runOnlyForDeploymentPostprocessing = 0;
		};
		1EDF0F1D2F3540570081A315 /* Frameworks */ = {
			isa = PBXFrameworksBuildPhase;
			buildActionMask = 2147483647;
			files = (
			);
			runOnlyForDeploymentPostprocessing = 0;
		};
		1EDF0F272F3540570081A315 /* Frameworks */ = {
			isa = PBXFrameworksBuildPhase;
			buildActionMask = 2147483647;
			files = (
			);
			runOnlyForDeploymentPostprocessing = 0;
		};
/* End PBXFrameworksBuildPhase section */

/* Begin PBXGroup section */
		1EDF0EE52F3540540081A315 = {
			isa = PBXGroup;
			children = (
				1EDF0F8F2F35A8C60081A315 /* LiquidGlass.metal */,
				1EDF0F622F3542EF0081A315 /* Components */,
				1EDF0F632F3542EF0081A315 /* ContentView.swift */,
				1EDF0F652F3542EF0081A315 /* Helpers */,
				1EDF0F6A2F3542EF0081A315 /* Providers */,
				1EDF0F6B2F3542EF0081A315 /* SomniWatchApp.swift */,
				1EDF0F6D2F3542EF0081A315 /* Views */,
				1EDF0EF02F3540540081A315 /* SomniWatch */,
				1EDF0EFE2F3540560081A315 /* SomniWatchTests */,
				1EDF0F082F3540560081A315 /* SomniWatchUITests */,
				1EDF0F152F3540560081A315 /* SomniWatch Watch App */,
				1EDF0F232F3540570081A315 /* SomniWatch Watch AppTests */,
				1EDF0F2D2F3540570081A315 /* SomniWatch Watch AppUITests */,
				1EDF0EEF2F3540540081A315 /* Products */,
			);
			sourceTree = "<group>";
		};
		1EDF0EEF2F3540540081A315 /* Products */ = {
			isa = PBXGroup;
			children = (
				1EDF0EEE2F3540540081A315 /* SomniWatch.app */,
				1EDF0EFB2F3540560081A315 /* SomniWatchTests.xctest */,
				1EDF0F052F3540560081A315 /* SomniWatchUITests.xctest */,
				1EDF0F112F3540560081A315 /* SomniWatch Watch App.app */,
				1EDF0F202F3540570081A315 /* SomniWatch Watch AppTests.xctest */,
				1EDF0F2A2F3540570081A315 /* SomniWatch Watch AppUITests.xctest */,
			);
			name = Products;
			sourceTree = "<group>";
		};
		1EDF0F622F3542EF0081A315 /* Components */ = {
			isa = PBXGroup;
			children = (
				1EDF0F5F2F3542EF0081A315 /* BreathingSphereView.swift */,
				1EDF0F602F3542EF0081A315 /* LockIndicatorView.swift */,
				1EDF0F912F35A8C70081A315 /* SleepStateView.swift */,
				1EDF0F612F3542EF0081A315 /* TimerRingView.swift */,
			);
			name = Components;
			path = ../SomniWatch/Components;
			sourceTree = SOURCE_ROOT;
		};
		1EDF0F652F3542EF0081A315 /* Helpers */ = {
			isa = PBXGroup;
			children = (
				1EDF0F642F3542EF0081A315 /* HapticFeedback.swift */,
			);
			name = Helpers;
			path = ../SomniWatch/Helpers;
			sourceTree = SOURCE_ROOT;
		};
		1EDF0F6A2F3542EF0081A315 /* Providers */ = {
			isa = PBXGroup;
			children = (
				1EDF0F662F3542EF0081A315 /* HeartRateMonitorProtocol.swift */,
				1EDF0F672F3542EF0081A315 /* MockHeartRateMonitor.swift */,
				1EDF0F682F3542EF0081A315 /* MockSleepSessionProvider.swift */,
				1EDF0F692F3542EF0081A315 /* SleepSessionProviderProtocol.swift */,
			);
			name = Providers;
			path = ../SomniWatch/Providers;
			sourceTree = SOURCE_ROOT;
		};
		1EDF0F6D2F3542EF0081A315 /* Views */ = {
			isa = PBXGroup;
			children = (
				1EDF0F6C2F3542EF0081A315 /* TrackerView.swift */,
			);
			name = Views;
			path = ../SomniWatch/Views;
			sourceTree = SOURCE_ROOT;
		};
/* End PBXGroup section */

/* Begin PBXNativeTarget section */
		1EDF0EED2F3540540081A315 /* SomniWatch */ = {
			isa = PBXNativeTarget;
			buildConfigurationList = 1EDF0F382F3540570081A315 /* Build configuration list for PBXNativeTarget "SomniWatch" */;
			buildPhases = (
				1EDF0EEA2F3540540081A315 /* Sources */,
				1EDF0EEB2F3540540081A315 /* Frameworks */,
				1EDF0EEC2F3540540081A315 /* Resources */,
				1EDF0F372F3540570081A315 /* Embed Watch Content */,
			);
			buildRules = (
			);
			dependencies = (
				1EDF0F142F3540560081A315 /* PBXTargetDependency */,
			);
			fileSystemSynchronizedGroups = (
				1EDF0EF02F3540540081A315 /* SomniWatch */,
			);
			name = SomniWatch;
			packageProductDependencies = (
			);
			productName = SomniWatch;
			productReference = 1EDF0EEE2F3540540081A315 /* SomniWatch.app */;
			productType = "com.apple.product-type.application";
		};
		1EDF0EFA2F3540560081A315 /* SomniWatchTests */ = {
			isa = PBXNativeTarget;
			buildConfigurationList = 1EDF0F3B2F3540570081A315 /* Build configuration list for PBXNativeTarget "SomniWatchTests" */;
			buildPhases = (
				1EDF0EF72F3540560081A315 /* Sources */,
				1EDF0EF82F3540560081A315 /* Frameworks */,
				1EDF0EF92F3540560081A315 /* Resources */,
			);
			buildRules = (
			);
			dependencies = (
				1EDF0EFD2F3540560081A315 /* PBXTargetDependency */,
			);
			fileSystemSynchronizedGroups = (
				1EDF0EFE2F3540560081A315 /* SomniWatchTests */,
			);
			name = SomniWatchTests;
			packageProductDependencies = (
			);
			productName = SomniWatchTests;
			productReference = 1EDF0EFB2F3540560081A315 /* SomniWatchTests.xctest */;
			productType = "com.apple.product-type.bundle.unit-test";
		};
		1EDF0F042F3540560081A315 /* SomniWatchUITests */ = {
			isa = PBXNativeTarget;
			buildConfigurationList = 1EDF0F3E2F3540570081A315 /* Build configuration list for PBXNativeTarget "SomniWatchUITests" */;
			buildPhases = (
				1EDF0F012F3540560081A315 /* Sources */,
				1EDF0F022F3540560081A315 /* Frameworks */,
				1EDF0F032F3540560081A315 /* Resources */,
			);
			buildRules = (
			);
			dependencies = (
				1EDF0F072F3540560081A315 /* PBXTargetDependency */,
			);
			fileSystemSynchronizedGroups = (
				1EDF0F082F3540560081A315 /* SomniWatchUITests */,
			);
			name = SomniWatchUITests;
			packageProductDependencies = (
			);
			productName = SomniWatchUITests;
			productReference = 1EDF0F052F3540560081A315 /* SomniWatchUITests.xctest */;
			productType = "com.apple.product-type.bundle.ui-testing";
		};
		1EDF0F102F3540560081A315 /* SomniWatch Watch App */ = {
			isa = PBXNativeTarget;
			buildConfigurationList = 1EDF0F342F3540570081A315 /* Build configuration list for PBXNativeTarget "SomniWatch Watch App" */;
			buildPhases = (
				1EDF0F0D2F3540560081A315 /* Sources */,
				1EDF0F0E2F3540560081A315 /* Frameworks */,
				1EDF0F0F2F3540560081A315 /* Resources */,
			);
			buildRules = (
			);
			dependencies = (
			);
			fileSystemSynchronizedGroups = (
				1EDF0F152F3540560081A315 /* SomniWatch Watch App */,
			);
			name = "SomniWatch Watch App";
			packageProductDependencies = (
			);
			productName = "SomniWatch Watch App";
			productReference = 1EDF0F112F3540560081A315 /* SomniWatch Watch App.app */;
			productType = "com.apple.product-type.application";
		};
		1EDF0F1F2F3540570081A315 /* SomniWatch Watch AppTests */ = {
			isa = PBXNativeTarget;
			buildConfigurationList = 1EDF0F412F3540570081A315 /* Build configuration list for PBXNativeTarget "SomniWatch Watch AppTests" */;
			buildPhases = (
				1EDF0F1C2F3540570081A315 /* Sources */,
				1EDF0F1D2F3540570081A315 /* Frameworks */,
				1EDF0F1E2F3540570081A315 /* Resources */,
			);
			buildRules = (
			);
			dependencies = (
				1EDF0F222F3540570081A315 /* PBXTargetDependency */,
			);
			fileSystemSynchronizedGroups = (
				1EDF0F232F3540570081A315 /* SomniWatch Watch AppTests */,
			);
			name = "SomniWatch Watch AppTests";
			packageProductDependencies = (
			);
			productName = "SomniWatch Watch AppTests";
			productReference = 1EDF0F202F3540570081A315 /* SomniWatch Watch AppTests.xctest */;
			productType = "com.apple.product-type.bundle.unit-test";
		};
		1EDF0F292F3540570081A315 /* SomniWatch Watch AppUITests */ = {
			isa = PBXNativeTarget;
			buildConfigurationList = 1EDF0F442F3540570081A315 /* Build configuration list for PBXNativeTarget "SomniWatch Watch AppUITests" */;
			buildPhases = (
				1EDF0F262F3540570081A315 /* Sources */,
				1EDF0F272F3540570081A315 /* Frameworks */,
				1EDF0F282F3540570081A315 /* Resources */,
			);
			buildRules = (
			);
			dependencies = (
				1EDF0F2C2F3540570081A315 /* PBXTargetDependency */,
			);
			fileSystemSynchronizedGroups = (
				1EDF0F2D2F3540570081A315 /* SomniWatch Watch AppUITests */,
			);
			name = "SomniWatch Watch AppUITests";
			packageProductDependencies = (
			);
			productName = "SomniWatch Watch AppUITests";
			productReference = 1EDF0F2A2F3540570081A315 /* SomniWatch Watch AppUITests.xctest */;
			productType = "com.apple.product-type.bundle.ui-testing";
		};
/* End PBXNativeTarget section */

/* Begin PBXProject section */
		1EDF0EE62F3540540081A315 /* Project object */ = {
			isa = PBXProject;
			attributes = {
				BuildIndependentTargetsInParallel = 1;
				LastSwiftUpdateCheck = 2620;
				LastUpgradeCheck = 2620;
				TargetAttributes = {
					1EDF0EED2F3540540081A315 = {
						CreatedOnToolsVersion = 26.2;
					};
					1EDF0EFA2F3540560081A315 = {
						CreatedOnToolsVersion = 26.2;
						TestTargetID = 1EDF0EED2F3540540081A315;
					};
					1EDF0F042F3540560081A315 = {
						CreatedOnToolsVersion = 26.2;
						TestTargetID = 1EDF0EED2F3540540081A315;
					};
					1EDF0F102F3540560081A315 = {
						CreatedOnToolsVersion = 26.2;
					};
					1EDF0F1F2F3540570081A315 = {
						CreatedOnToolsVersion = 26.2;
						TestTargetID = 1EDF0F102F3540560081A315;
					};
					1EDF0F292F3540570081A315 = {
						CreatedOnToolsVersion = 26.2;
						TestTargetID = 1EDF0F102F3540560081A315;
					};
				};
			};
			buildConfigurationList = 1EDF0EE92F3540540081A315 /* Build configuration list for PBXProject "SomniWatch" */;
			developmentRegion = en;
			hasScannedForEncodings = 0;
			knownRegions = (
				en,
				Base,
			);
			mainGroup = 1EDF0EE52F3540540081A315;
			minimizedProjectReferenceProxies = 1;
			preferredProjectObjectVersion = 77;
			productRefGroup = 1EDF0EEF2F3540540081A315 /* Products */;
			projectDirPath = "";
			projectRoot = "";
			targets = (
				1EDF0EED2F3540540081A315 /* SomniWatch */,
				1EDF0EFA2F3540560081A315 /* SomniWatchTests */,
				1EDF0F042F3540560081A315 /* SomniWatchUITests */,
				1EDF0F102F3540560081A315 /* SomniWatch Watch App */,
				1EDF0F1F2F3540570081A315 /* SomniWatch Watch AppTests */,
				1EDF0F292F3540570081A315 /* SomniWatch Watch AppUITests */,
			);
		};
/* End PBXProject section */

/* Begin PBXResourcesBuildPhase section */
		1EDF0EEC2F3540540081A315 /* Resources */ = {
			isa = PBXResourcesBuildPhase;
			buildActionMask = 2147483647;
			files = (
			);
			runOnlyForDeploymentPostprocessing = 0;
		};
		1EDF0EF92F3540560081A315 /* Resources */ = {
			isa = PBXResourcesBuildPhase;
			buildActionMask = 2147483647;
			files = (
			);
			runOnlyForDeploymentPostprocessing = 0;
		};
		1EDF0F032F3540560081A315 /* Resources */ = {
			isa = PBXResourcesBuildPhase;
			buildActionMask = 2147483647;
			files = (
			);
			runOnlyForDeploymentPostprocessing = 0;
		};
		1EDF0F0F2F3540560081A315 /* Resources */ = {
			isa = PBXResourcesBuildPhase;
			buildActionMask = 2147483647;
			files = (
			);
			runOnlyForDeploymentPostprocessing = 0;
		};
		1EDF0F1E2F3540570081A315 /* Resources */ = {
			isa = PBXResourcesBuildPhase;
			buildActionMask = 2147483647;
			files = (
			);
			runOnlyForDeploymentPostprocessing = 0;
		};
		1EDF0F282F3540570081A315 /* Resources */ = {
			isa = PBXResourcesBuildPhase;
			buildActionMask = 2147483647;
			files = (
			);
			runOnlyForDeploymentPostprocessing = 0;
		};
/* End PBXResourcesBuildPhase section */

/* Begin PBXSourcesBuildPhase section */
		1EDF0EEA2F3540540081A315 /* Sources */ = {
			isa = PBXSourcesBuildPhase;
			buildActionMask = 2147483647;
			files = (
			);
			runOnlyForDeploymentPostprocessing = 0;
		};
		1EDF0EF72F3540560081A315 /* Sources */ = {
			isa = PBXSourcesBuildPhase;
			buildActionMask = 2147483647;
			files = (
			);
			runOnlyForDeploymentPostprocessing = 0;
		};
		1EDF0F012F3540560081A315 /* Sources */ = {
			isa = PBXSourcesBuildPhase;
			buildActionMask = 2147483647;
			files = (
			);
			runOnlyForDeploymentPostprocessing = 0;
		};
		1EDF0F0D2F3540560081A315 /* Sources */ = {
			isa = PBXSourcesBuildPhase;
			buildActionMask = 2147483647;
			files = (
				1EDF0F6E2F3542EF0081A315 /* TrackerView.swift in Sources */,
				1EDF0F6F2F3542EF0081A315 /* SleepSessionProviderProtocol.swift in Sources */,
				1EDF0F702F3542EF0081A315 /* TimerRingView.swift in Sources */,
				1EDF0F712F3542EF0081A315 /* ContentView.swift in Sources */,
				1EDF0F722F3542EF0081A315 /* BreathingSphereView.swift in Sources */,
				1EDF0F732F3542EF0081A315 /* HapticFeedback.swift in Sources */,
				1EDF0F742F3542EF0081A315 /* SomniWatchApp.swift in Sources */,
				1EDF0F752F3542EF0081A315 /* MockSleepSessionProvider.swift in Sources */,
				1EDF0F902F35A8C60081A315 /* LiquidGlass.metal in Sources */,
				1EDF0F762F3542EF0081A315 /* HeartRateMonitorProtocol.swift in Sources */,
				1EDF0F772F3542EF0081A315 /* LockIndicatorView.swift in Sources */,
				1EDF0F782F3542EF0081A315 /* MockHeartRateMonitor.swift in Sources */,
				1EDF0F922F35A8C70081A315 /* SleepStateView.swift in Sources */,
			);
			runOnlyForDeploymentPostprocessing = 0;
		};
		1EDF0F1C2F3540570081A315 /* Sources */ = {
			isa = PBXSourcesBuildPhase;
			buildActionMask = 2147483647;
			files = (
			);
			runOnlyForDeploymentPostprocessing = 0;
		};
		1EDF0F262F3540570081A315 /* Sources */ = {
			isa = PBXSourcesBuildPhase;
			buildActionMask = 2147483647;
			files = (
			);
			runOnlyForDeploymentPostprocessing = 0;
		};
/* End PBXSourcesBuildPhase section */

/* Begin PBXTargetDependency section */
		1EDF0EFD2F3540560081A315 /* PBXTargetDependency */ = {
			isa = PBXTargetDependency;
			target = 1EDF0EED2F3540540081A315 /* SomniWatch */;
			targetProxy = 1EDF0EFC2F3540560081A315 /* PBXContainerItemProxy */;
		};
		1EDF0F072F3540560081A315 /* PBXTargetDependency */ = {
			isa = PBXTargetDependency;
			target = 1EDF0EED2F3540540081A315 /* SomniWatch */;
			targetProxy = 1EDF0F062F3540560081A315 /* PBXContainerItemProxy */;
		};
		1EDF0F142F3540560081A315 /* PBXTargetDependency */ = {
			isa = PBXTargetDependency;
			target = 1EDF0F102F3540560081A315 /* SomniWatch Watch App */;
			targetProxy = 1EDF0F132F3540560081A315 /* PBXContainerItemProxy */;
		};
		1EDF0F222F3540570081A315 /* PBXTargetDependency */ = {
			isa = PBXTargetDependency;
			target = 1EDF0F102F3540560081A315 /* SomniWatch Watch App */;
			targetProxy = 1EDF0F212F3540570081A315 /* PBXContainerItemProxy */;
		};
		1EDF0F2C2F3540570081A315 /* PBXTargetDependency */ = {
			isa = PBXTargetDependency;
			target = 1EDF0F102F3540560081A315 /* SomniWatch Watch App */;
			targetProxy = 1EDF0F2B2F3540570081A315 /* PBXContainerItemProxy */;
		};
/* End PBXTargetDependency section */

/* Begin XCBuildConfiguration section */
		1EDF0F322F3540570081A315 /* Debug */ = {
			isa = XCBuildConfiguration;
			buildSettings = {
				ALWAYS_SEARCH_USER_PATHS = NO;
				ASSETCATALOG_COMPILER_GENERATE_SWIFT_ASSET_SYMBOL_EXTENSIONS = YES;
				CLANG_ANALYZER_NONNULL = YES;
				CLANG_ANALYZER_NUMBER_OBJECT_CONVERSION = YES_AGGRESSIVE;
				CLANG_CXX_LANGUAGE_STANDARD = "gnu++20";
				CLANG_ENABLE_MODULES = YES;
				CLANG_ENABLE_OBJC_ARC = YES;
				CLANG_ENABLE_OBJC_WEAK = YES;
				CLANG_WARN_BLOCK_CAPTURE_AUTORELEASING = YES;
				CLANG_WARN_BOOL_CONVERSION = YES;
				CLANG_WARN_COMMA = YES;
				CLANG_WARN_CONSTANT_CONVERSION = YES;
				CLANG_WARN_DEPRECATED_OBJC_IMPLEMENTATIONS = YES;
				CLANG_WARN_DIRECT_OBJC_ISA_USAGE = YES_ERROR;
				CLANG_WARN_DOCUMENTATION_COMMENTS = YES;
				CLANG_WARN_EMPTY_BODY = YES;
				CLANG_WARN_ENUM_CONVERSION = YES;
				CLANG_WARN_INFINITE_RECURSION = YES;
				CLANG_WARN_INT_CONVERSION = YES;
				CLANG_WARN_NON_LITERAL_NULL_CONVERSION = YES;
				CLANG_WARN_OBJC_IMPLICIT_RETAIN_SELF = YES;
				CLANG_WARN_OBJC_LITERAL_CONVERSION = YES;
				CLANG_WARN_OBJC_ROOT_CLASS = YES_ERROR;
				CLANG_WARN_QUOTED_INCLUDE_IN_FRAMEWORK_HEADER = YES;
				CLANG_WARN_RANGE_LOOP_ANALYSIS = YES;
				CLANG_WARN_STRICT_PROTOTYPES = YES;
				CLANG_WARN_SUSPICIOUS_MOVE = YES;
				CLANG_WARN_UNGUARDED_AVAILABILITY = YES_AGGRESSIVE;
				CLANG_WARN_UNREACHABLE_CODE = YES;
				CLANG_WARN__DUPLICATE_METHOD_MATCH = YES;
				COPY_PHASE_STRIP = NO;
				DEBUG_INFORMATION_FORMAT = dwarf;
				DEVELOPMENT_TEAM = 7BCBNT829K;
				ENABLE_STRICT_OBJC_MSGSEND = YES;
				ENABLE_TESTABILITY = YES;
				ENABLE_USER_SCRIPT_SANDBOXING = YES;
				GCC_C_LANGUAGE_STANDARD = gnu17;
				GCC_DYNAMIC_NO_PIC = NO;
				GCC_NO_COMMON_BLOCKS = YES;
				GCC_OPTIMIZATION_LEVEL = 0;
				GCC_PREPROCESSOR_DEFINITIONS = (
					"DEBUG=1",
					"$(inherited)",
				);
				GCC_WARN_64_TO_32_BIT_CONVERSION = YES;
				GCC_WARN_ABOUT_RETURN_TYPE = YES_ERROR;
				GCC_WARN_UNDECLARED_SELECTOR = YES;
				GCC_WARN_UNINITIALIZED_AUTOS = YES_AGGRESSIVE;
				GCC_WARN_UNUSED_FUNCTION = YES;
				GCC_WARN_UNUSED_VARIABLE = YES;
				LOCALIZATION_PREFERS_STRING_CATALOGS = YES;
				MTL_ENABLE_DEBUG_INFO = INCLUDE_SOURCE;
				MTL_FAST_MATH = YES;
				ONLY_ACTIVE_ARCH = YES;
				SWIFT_ACTIVE_COMPILATION_CONDITIONS = "DEBUG $(inherited)";
				SWIFT_OPTIMIZATION_LEVEL = "-Onone";
			};
			name = Debug;
		};
		1EDF0F332F3540570081A315 /* Release */ = {
			isa = XCBuildConfiguration;
			buildSettings = {
				ALWAYS_SEARCH_USER_PATHS = NO;
				ASSETCATALOG_COMPILER_GENERATE_SWIFT_ASSET_SYMBOL_EXTENSIONS = YES;
				CLANG_ANALYZER_NONNULL = YES;
				CLANG_ANALYZER_NUMBER_OBJECT_CONVERSION = YES_AGGRESSIVE;
				CLANG_CXX_LANGUAGE_STANDARD = "gnu++20";
				CLANG_ENABLE_MODULES = YES;
				CLANG_ENABLE_OBJC_ARC = YES;
				CLANG_ENABLE_OBJC_WEAK = YES;
				CLANG_WARN_BLOCK_CAPTURE_AUTORELEASING = YES;
				CLANG_WARN_BOOL_CONVERSION = YES;
				CLANG_WARN_COMMA = YES;
				CLANG_WARN_CONSTANT_CONVERSION = YES;
				CLANG_WARN_DEPRECATED_OBJC_IMPLEMENTATIONS = YES;
				CLANG_WARN_DIRECT_OBJC_ISA_USAGE = YES_ERROR;
				CLANG_WARN_DOCUMENTATION_COMMENTS = YES;
				CLANG_WARN_EMPTY_BODY = YES;
				CLANG_WARN_ENUM_CONVERSION = YES;
				CLANG_WARN_INFINITE_RECURSION = YES;
				CLANG_WARN_INT_CONVERSION = YES;
				CLANG_WARN_NON_LITERAL_NULL_CONVERSION = YES;
				CLANG_WARN_OBJC_IMPLICIT_RETAIN_SELF = YES;
				CLANG_WARN_OBJC_LITERAL_CONVERSION = YES;
				CLANG_WARN_OBJC_ROOT_CLASS = YES_ERROR;
				CLANG_WARN_QUOTED_INCLUDE_IN_FRAMEWORK_HEADER = YES;
				CLANG_WARN_RANGE_LOOP_ANALYSIS = YES;
				CLANG_WARN_STRICT_PROTOTYPES = YES;
				CLANG_WARN_SUSPICIOUS_MOVE = YES;
				CLANG_WARN_UNGUARDED_AVAILABILITY = YES_AGGRESSIVE;
				CLANG_WARN_UNREACHABLE_CODE = YES;
				CLANG_WARN__DUPLICATE_METHOD_MATCH = YES;
				COPY_PHASE_STRIP = NO;
				DEBUG_INFORMATION_FORMAT = "dwarf-with-dsym";
				DEVELOPMENT_TEAM = 7BCBNT829K;
				ENABLE_NS_ASSERTIONS = NO;
				ENABLE_STRICT_OBJC_MSGSEND = YES;
				ENABLE_USER_SCRIPT_SANDBOXING = YES;
				GCC_C_LANGUAGE_STANDARD = gnu17;
				GCC_NO_COMMON_BLOCKS = YES;
				GCC_WARN_64_TO_32_BIT_CONVERSION = YES;
				GCC_WARN_ABOUT_RETURN_TYPE = YES_ERROR;
				GCC_WARN_UNDECLARED_SELECTOR = YES;
				GCC_WARN_UNINITIALIZED_AUTOS = YES_AGGRESSIVE;
				GCC_WARN_UNUSED_FUNCTION = YES;
				GCC_WARN_UNUSED_VARIABLE = YES;
				LOCALIZATION_PREFERS_STRING_CATALOGS = YES;
				MTL_ENABLE_DEBUG_INFO = NO;
				MTL_FAST_MATH = YES;
				SWIFT_COMPILATION_MODE = wholemodule;
			};
			name = Release;
		};
		1EDF0F352F3540570081A315 /* Debug */ = {
			isa = XCBuildConfiguration;
			buildSettings = {
				ASSETCATALOG_COMPILER_APPICON_NAME = AppIcon;
				ASSETCATALOG_COMPILER_GLOBAL_ACCENT_COLOR_NAME = AccentColor;
				CODE_SIGN_STYLE = Automatic;
				CURRENT_PROJECT_VERSION = 1;
				DEVELOPMENT_TEAM = 7BCBNT829K;
				ENABLE_PREVIEWS = YES;
				GENERATE_INFOPLIST_FILE = YES;
				INFOPLIST_KEY_CFBundleDisplayName = SomniWatch;
				INFOPLIST_KEY_UISupportedInterfaceOrientations = "UIInterfaceOrientationPortrait UIInterfaceOrientationPortraitUpsideDown";
				INFOPLIST_KEY_WKCompanionAppBundleIdentifier = com.somni.SomniWatch;
				LD_RUNPATH_SEARCH_PATHS = (
					"$(inherited)",
					"@executable_path/Frameworks",
				);
				MARKETING_VERSION = 1.0;
				PRODUCT_BUNDLE_IDENTIFIER = com.somni.SomniWatch.watchkitapp;
				PRODUCT_NAME = "$(TARGET_NAME)";
				SDKROOT = watchos;
				SKIP_INSTALL = YES;
				STRING_CATALOG_GENERATE_SYMBOLS = YES;
				SWIFT_APPROACHABLE_CONCURRENCY = YES;
				SWIFT_DEFAULT_ACTOR_ISOLATION = MainActor;
				SWIFT_EMIT_LOC_STRINGS = YES;
				SWIFT_UPCOMING_FEATURE_MEMBER_IMPORT_VISIBILITY = YES;
				SWIFT_VERSION = 5.0;
				TARGETED_DEVICE_FAMILY = 4;
				WATCHOS_DEPLOYMENT_TARGET = 26.2;
			};
			name = Debug;
		};
		1EDF0F362F3540570081A315 /* Release */ = {
			isa = XCBuildConfiguration;
			buildSettings = {
				ASSETCATALOG_COMPILER_APPICON_NAME = AppIcon;
				ASSETCATALOG_COMPILER_GLOBAL_ACCENT_COLOR_NAME = AccentColor;
				CODE_SIGN_STYLE = Automatic;
				CURRENT_PROJECT_VERSION = 1;
				DEVELOPMENT_TEAM = 7BCBNT829K;
				ENABLE_PREVIEWS = YES;
				GENERATE_INFOPLIST_FILE = YES;
				INFOPLIST_KEY_CFBundleDisplayName = SomniWatch;
				INFOPLIST_KEY_UISupportedInterfaceOrientations = "UIInterfaceOrientationPortrait UIInterfaceOrientationPortraitUpsideDown";
				INFOPLIST_KEY_WKCompanionAppBundleIdentifier = com.somni.SomniWatch;
				LD_RUNPATH_SEARCH_PATHS = (
					"$(inherited)",
					"@executable_path/Frameworks",
				);
				MARKETING_VERSION = 1.0;
				PRODUCT_BUNDLE_IDENTIFIER = com.somni.SomniWatch.watchkitapp;
				PRODUCT_NAME = "$(TARGET_NAME)";
				SDKROOT = watchos;
				SKIP_INSTALL = YES;
				STRING_CATALOG_GENERATE_SYMBOLS = YES;
				SWIFT_APPROACHABLE_CONCURRENCY = YES;
				SWIFT_DEFAULT_ACTOR_ISOLATION = MainActor;
				SWIFT_EMIT_LOC_STRINGS = YES;
				SWIFT_UPCOMING_FEATURE_MEMBER_IMPORT_VISIBILITY = YES;
				SWIFT_VERSION = 5.0;
				TARGETED_DEVICE_FAMILY = 4;
				VALIDATE_PRODUCT = YES;
				WATCHOS_DEPLOYMENT_TARGET = 26.2;
			};
			name = Release;
		};
		1EDF0F392F3540570081A315 /* Debug */ = {
			isa = XCBuildConfiguration;
			buildSettings = {
				ASSETCATALOG_COMPILER_APPICON_NAME = AppIcon;
				ASSETCATALOG_COMPILER_GLOBAL_ACCENT_COLOR_NAME = AccentColor;
				CODE_SIGN_STYLE = Automatic;
				CURRENT_PROJECT_VERSION = 1;
				DEVELOPMENT_TEAM = 7BCBNT829K;
				ENABLE_PREVIEWS = YES;
				GENERATE_INFOPLIST_FILE = YES;
				INFOPLIST_KEY_CFBundleDisplayName = SomniWatch;
				INFOPLIST_KEY_UIApplicationSceneManifest_Generation = YES;
				INFOPLIST_KEY_UIApplicationSupportsIndirectInputEvents = YES;
				INFOPLIST_KEY_UILaunchScreen_Generation = YES;
				INFOPLIST_KEY_UISupportedInterfaceOrientations_iPad = "UIInterfaceOrientationPortrait UIInterfaceOrientationPortraitUpsideDown UIInterfaceOrientationLandscapeLeft UIInterfaceOrientationLandscapeRight";
				INFOPLIST_KEY_UISupportedInterfaceOrientations_iPhone = "UIInterfaceOrientationPortrait UIInterfaceOrientationLandscapeLeft UIInterfaceOrientationLandscapeRight";
				IPHONEOS_DEPLOYMENT_TARGET = 26.2;
				LD_RUNPATH_SEARCH_PATHS = (
					"$(inherited)",
					"@executable_path/Frameworks",
				);
				MARKETING_VERSION = 1.0;
				PRODUCT_BUNDLE_IDENTIFIER = com.somni.SomniWatch;
				PRODUCT_NAME = "$(TARGET_NAME)";
				SDKROOT = iphoneos;
				STRING_CATALOG_GENERATE_SYMBOLS = YES;
				SWIFT_APPROACHABLE_CONCURRENCY = YES;
				SWIFT_DEFAULT_ACTOR_ISOLATION = MainActor;
				SWIFT_EMIT_LOC_STRINGS = YES;
				SWIFT_UPCOMING_FEATURE_MEMBER_IMPORT_VISIBILITY = YES;
				SWIFT_VERSION = 5.0;
				TARGETED_DEVICE_FAMILY = "1,2";
			};
			name = Debug;
		};
		1EDF0F3A2F3540570081A315 /* Release */ = {
			isa = XCBuildConfiguration;
			buildSettings = {
				ASSETCATALOG_COMPILER_APPICON_NAME = AppIcon;
				ASSETCATALOG_COMPILER_GLOBAL_ACCENT_COLOR_NAME = AccentColor;
				CODE_SIGN_STYLE = Automatic;
				CURRENT_PROJECT_VERSION = 1;
				DEVELOPMENT_TEAM = 7BCBNT829K;
				ENABLE_PREVIEWS = YES;
				GENERATE_INFOPLIST_FILE = YES;
				INFOPLIST_KEY_CFBundleDisplayName = SomniWatch;
				INFOPLIST_KEY_UIApplicationSceneManifest_Generation = YES;
				INFOPLIST_KEY_UIApplicationSupportsIndirectInputEvents = YES;
				INFOPLIST_KEY_UILaunchScreen_Generation = YES;
				INFOPLIST_KEY_UISupportedInterfaceOrientations_iPad = "UIInterfaceOrientationPortrait UIInterfaceOrientationPortraitUpsideDown UIInterfaceOrientationLandscapeLeft UIInterfaceOrientationLandscapeRight";
				INFOPLIST_KEY_UISupportedInterfaceOrientations_iPhone = "UIInterfaceOrientationPortrait UIInterfaceOrientationLandscapeLeft UIInterfaceOrientationLandscapeRight";
				IPHONEOS_DEPLOYMENT_TARGET = 26.2;
				LD_RUNPATH_SEARCH_PATHS = (
					"$(inherited)",
					"@executable_path/Frameworks",
				);
				MARKETING_VERSION = 1.0;
				PRODUCT_BUNDLE_IDENTIFIER = com.somni.SomniWatch;
				PRODUCT_NAME = "$(TARGET_NAME)";
				SDKROOT = iphoneos;
				STRING_CATALOG_GENERATE_SYMBOLS = YES;
				SWIFT_APPROACHABLE_CONCURRENCY = YES;
				SWIFT_DEFAULT_ACTOR_ISOLATION = MainActor;
				SWIFT_EMIT_LOC_STRINGS = YES;
				SWIFT_UPCOMING_FEATURE_MEMBER_IMPORT_VISIBILITY = YES;
				SWIFT_VERSION = 5.0;
				TARGETED_DEVICE_FAMILY = "1,2";
				VALIDATE_PRODUCT = YES;
			};
			name = Release;
		};
		1EDF0F3C2F3540570081A315 /* Debug */ = {
			isa = XCBuildConfiguration;
			buildSettings = {
				BUNDLE_LOADER = "$(TEST_HOST)";
				CODE_SIGN_STYLE = Automatic;
				CURRENT_PROJECT_VERSION = 1;
				DEVELOPMENT_TEAM = 7BCBNT829K;
				GENERATE_INFOPLIST_FILE = YES;
				IPHONEOS_DEPLOYMENT_TARGET = 26.2;
				MARKETING_VERSION = 1.0;
				PRODUCT_BUNDLE_IDENTIFIER = com.somni.SomniWatchTests;
				PRODUCT_NAME = "$(TARGET_NAME)";
				SDKROOT = iphoneos;
				STRING_CATALOG_GENERATE_SYMBOLS = NO;
				SWIFT_APPROACHABLE_CONCURRENCY = YES;
				SWIFT_EMIT_LOC_STRINGS = NO;
				SWIFT_UPCOMING_FEATURE_MEMBER_IMPORT_VISIBILITY = YES;
				SWIFT_VERSION = 5.0;
				TARGETED_DEVICE_FAMILY = "1,2";
				TEST_HOST = "$(BUILT_PRODUCTS_DIR)/SomniWatch.app/$(BUNDLE_EXECUTABLE_FOLDER_PATH)/SomniWatch";
			};
			name = Debug;
		};
		1EDF0F3D2F3540570081A315 /* Release */ = {
			isa = XCBuildConfiguration;
			buildSettings = {
				BUNDLE_LOADER = "$(TEST_HOST)";
				CODE_SIGN_STYLE = Automatic;
				CURRENT_PROJECT_VERSION = 1;
				DEVELOPMENT_TEAM = 7BCBNT829K;
				GENERATE_INFOPLIST_FILE = YES;
				IPHONEOS_DEPLOYMENT_TARGET = 26.2;
				MARKETING_VERSION = 1.0;
				PRODUCT_BUNDLE_IDENTIFIER = com.somni.SomniWatchTests;
				PRODUCT_NAME = "$(TARGET_NAME)";
				SDKROOT = iphoneos;
				STRING_CATALOG_GENERATE_SYMBOLS = NO;
				SWIFT_APPROACHABLE_CONCURRENCY = YES;
				SWIFT_EMIT_LOC_STRINGS = NO;
				SWIFT_UPCOMING_FEATURE_MEMBER_IMPORT_VISIBILITY = YES;
				SWIFT_VERSION = 5.0;
				TARGETED_DEVICE_FAMILY = "1,2";
				TEST_HOST = "$(BUILT_PRODUCTS_DIR)/SomniWatch.app/$(BUNDLE_EXECUTABLE_FOLDER_PATH)/SomniWatch";
				VALIDATE_PRODUCT = YES;
			};
			name = Release;
		};
		1EDF0F3F2F3540570081A315 /* Debug */ = {
			isa = XCBuildConfiguration;
			buildSettings = {
				CODE_SIGN_STYLE = Automatic;
				CURRENT_PROJECT_VERSION = 1;
				DEVELOPMENT_TEAM = 7BCBNT829K;
				GENERATE_INFOPLIST_FILE = YES;
				IPHONEOS_DEPLOYMENT_TARGET = 26.2;
				MARKETING_VERSION = 1.0;
				PRODUCT_BUNDLE_IDENTIFIER = com.somni.SomniWatchUITests;
				PRODUCT_NAME = "$(TARGET_NAME)";
				SDKROOT = iphoneos;
				STRING_CATALOG_GENERATE_SYMBOLS = NO;
				SWIFT_APPROACHABLE_CONCURRENCY = YES;
				SWIFT_EMIT_LOC_STRINGS = NO;
				SWIFT_UPCOMING_FEATURE_MEMBER_IMPORT_VISIBILITY = YES;
				SWIFT_VERSION = 5.0;
				TARGETED_DEVICE_FAMILY = "1,2";
				TEST_TARGET_NAME = SomniWatch;
			};
			name = Debug;
		};
		1EDF0F402F3540570081A315 /* Release */ = {
			isa = XCBuildConfiguration;
			buildSettings = {
				CODE_SIGN_STYLE = Automatic;
				CURRENT_PROJECT_VERSION = 1;
				DEVELOPMENT_TEAM = 7BCBNT829K;
				GENERATE_INFOPLIST_FILE = YES;
				IPHONEOS_DEPLOYMENT_TARGET = 26.2;
				MARKETING_VERSION = 1.0;
				PRODUCT_BUNDLE_IDENTIFIER = com.somni.SomniWatchUITests;
				PRODUCT_NAME = "$(TARGET_NAME)";
				SDKROOT = iphoneos;
				STRING_CATALOG_GENERATE_SYMBOLS = NO;
				SWIFT_APPROACHABLE_CONCURRENCY = YES;
				SWIFT_EMIT_LOC_STRINGS = NO;
				SWIFT_UPCOMING_FEATURE_MEMBER_IMPORT_VISIBILITY = YES;
				SWIFT_VERSION = 5.0;
				TARGETED_DEVICE_FAMILY = "1,2";
				TEST_TARGET_NAME = SomniWatch;
				VALIDATE_PRODUCT = YES;
			};
			name = Release;
		};
		1EDF0F422F3540570081A315 /* Debug */ = {
			isa = XCBuildConfiguration;
			buildSettings = {
				BUNDLE_LOADER = "$(TEST_HOST)";
				CODE_SIGN_STYLE = Automatic;
				CURRENT_PROJECT_VERSION = 1;
				DEVELOPMENT_TEAM = 7BCBNT829K;
				GENERATE_INFOPLIST_FILE = YES;
				MARKETING_VERSION = 1.0;
				PRODUCT_BUNDLE_IDENTIFIER = "com.somni.SomniWatch-Watch-AppTests";
				PRODUCT_NAME = "$(TARGET_NAME)";
				SDKROOT = watchos;
				STRING_CATALOG_GENERATE_SYMBOLS = NO;
				SWIFT_APPROACHABLE_CONCURRENCY = YES;
				SWIFT_EMIT_LOC_STRINGS = NO;
				SWIFT_UPCOMING_FEATURE_MEMBER_IMPORT_VISIBILITY = YES;
				SWIFT_VERSION = 5.0;
				TARGETED_DEVICE_FAMILY = 4;
				TEST_HOST = "$(BUILT_PRODUCTS_DIR)/SomniWatch Watch App.app/$(BUNDLE_EXECUTABLE_FOLDER_PATH)/SomniWatch Watch App";
				WATCHOS_DEPLOYMENT_TARGET = 26.2;
			};
			name = Debug;
		};
		1EDF0F432F3540570081A315 /* Release */ = {
			isa = XCBuildConfiguration;
			buildSettings = {
				BUNDLE_LOADER = "$(TEST_HOST)";
				CODE_SIGN_STYLE = Automatic;
				CURRENT_PROJECT_VERSION = 1;
				DEVELOPMENT_TEAM = 7BCBNT829K;
				GENERATE_INFOPLIST_FILE = YES;
				MARKETING_VERSION = 1.0;
				PRODUCT_BUNDLE_IDENTIFIER = "com.somni.SomniWatch-Watch-AppTests";
				PRODUCT_NAME = "$(TARGET_NAME)";
				SDKROOT = watchos;
				STRING_CATALOG_GENERATE_SYMBOLS = NO;
				SWIFT_APPROACHABLE_CONCURRENCY = YES;
				SWIFT_EMIT_LOC_STRINGS = NO;
				SWIFT_UPCOMING_FEATURE_MEMBER_IMPORT_VISIBILITY = YES;
				SWIFT_VERSION = 5.0;
				TARGETED_DEVICE_FAMILY = 4;
				TEST_HOST = "$(BUILT_PRODUCTS_DIR)/SomniWatch Watch App.app/$(BUNDLE_EXECUTABLE_FOLDER_PATH)/SomniWatch Watch App";
				VALIDATE_PRODUCT = YES;
				WATCHOS_DEPLOYMENT_TARGET = 26.2;
			};
			name = Release;
		};
		1EDF0F452F3540570081A315 /* Debug */ = {
			isa = XCBuildConfiguration;
			buildSettings = {
				CODE_SIGN_STYLE = Automatic;
				CURRENT_PROJECT_VERSION = 1;
				DEVELOPMENT_TEAM = 7BCBNT829K;
				GENERATE_INFOPLIST_FILE = YES;
				MARKETING_VERSION = 1.0;
				PRODUCT_BUNDLE_IDENTIFIER = "com.somni.SomniWatch-Watch-AppUITests";
				PRODUCT_NAME = "$(TARGET_NAME)";
				SDKROOT = watchos;
				STRING_CATALOG_GENERATE_SYMBOLS = NO;
				SWIFT_APPROACHABLE_CONCURRENCY = YES;
				SWIFT_EMIT_LOC_STRINGS = NO;
				SWIFT_UPCOMING_FEATURE_MEMBER_IMPORT_VISIBILITY = YES;
				SWIFT_VERSION = 5.0;
				TARGETED_DEVICE_FAMILY = 4;
				TEST_TARGET_NAME = "SomniWatch Watch App";
				WATCHOS_DEPLOYMENT_TARGET = 26.2;
			};
			name = Debug;
		};
		1EDF0F462F3540570081A315 /* Release */ = {
			isa = XCBuildConfiguration;
			buildSettings = {
				CODE_SIGN_STYLE = Automatic;
				CURRENT_PROJECT_VERSION = 1;
				DEVELOPMENT_TEAM = 7BCBNT829K;
				GENERATE_INFOPLIST_FILE = YES;
				MARKETING_VERSION = 1.0;
				PRODUCT_BUNDLE_IDENTIFIER = "com.somni.SomniWatch-Watch-AppUITests";
				PRODUCT_NAME = "$(TARGET_NAME)";
				SDKROOT = watchos;
				STRING_CATALOG_GENERATE_SYMBOLS = NO;
				SWIFT_APPROACHABLE_CONCURRENCY = YES;
				SWIFT_EMIT_LOC_STRINGS = NO;
				SWIFT_UPCOMING_FEATURE_MEMBER_IMPORT_VISIBILITY = YES;
				SWIFT_VERSION = 5.0;
				TARGETED_DEVICE_FAMILY = 4;
				TEST_TARGET_NAME = "SomniWatch Watch App";
				VALIDATE_PRODUCT = YES;
				WATCHOS_DEPLOYMENT_TARGET = 26.2;
			};
			name = Release;
		};
/* End XCBuildConfiguration section */

/* Begin XCConfigurationList section */
		1EDF0EE92F3540540081A315 /* Build configuration list for PBXProject "SomniWatch" */ = {
			isa = XCConfigurationList;
			buildConfigurations = (
				1EDF0F322F3540570081A315 /* Debug */,
				1EDF0F332F3540570081A315 /* Release */,
			);
			defaultConfigurationIsVisible = 0;
			defaultConfigurationName = Release;
		};
		1EDF0F342F3540570081A315 /* Build configuration list for PBXNativeTarget "SomniWatch Watch App" */ = {
			isa = XCConfigurationList;
			buildConfigurations = (
				1EDF0F352F3540570081A315 /* Debug */,
				1EDF0F362F3540570081A315 /* Release */,
			);
			defaultConfigurationIsVisible = 0;
			defaultConfigurationName = Release;
		};
		1EDF0F382F3540570081A315 /* Build configuration list for PBXNativeTarget "SomniWatch" */ = {
			isa = XCConfigurationList;
			buildConfigurations = (
				1EDF0F392F3540570081A315 /* Debug */,
				1EDF0F3A2F3540570081A315 /* Release */,
			);
			defaultConfigurationIsVisible = 0;
			defaultConfigurationName = Release;
		};
		1EDF0F3B2F3540570081A315 /* Build configuration list for PBXNativeTarget "SomniWatchTests" */ = {
			isa = XCConfigurationList;
			buildConfigurations = (
				1EDF0F3C2F3540570081A315 /* Debug */,
				1EDF0F3D2F3540570081A315 /* Release */,
			);
			defaultConfigurationIsVisible = 0;
			defaultConfigurationName = Release;
		};
		1EDF0F3E2F3540570081A315 /* Build configuration list for PBXNativeTarget "SomniWatchUITests" */ = {
			isa = XCConfigurationList;
			buildConfigurations = (
				1EDF0F3F2F3540570081A315 /* Debug */,
				1EDF0F402F3540570081A315 /* Release */,
			);
			defaultConfigurationIsVisible = 0;
			defaultConfigurationName = Release;
		};
		1EDF0F412F3540570081A315 /* Build configuration list for PBXNativeTarget "SomniWatch Watch AppTests" */ = {
			isa = XCConfigurationList;
			buildConfigurations = (
				1EDF0F422F3540570081A315 /* Debug */,
				1EDF0F432F3540570081A315 /* Release */,
			);
			defaultConfigurationIsVisible = 0;
			defaultConfigurationName = Release;
		};
		1EDF0F442F3540570081A315 /* Build configuration list for PBXNativeTarget "SomniWatch Watch AppUITests" */ = {
			isa = XCConfigurationList;
			buildConfigurations = (
				1EDF0F452F3540570081A315 /* Debug */,
				1EDF0F462F3540570081A315 /* Release */,
			);
			defaultConfigurationIsVisible = 0;
			defaultConfigurationName = Release;
		};
/* End XCConfigurationList section */
	};
	rootObject = 1EDF0EE62F3540540081A315 /* Project object */;
}
